PODS:
  - AgoraRtcEngine_iOS (2.8.0)
  - BJLiveBase (2.7.1):
    - BJLiveBase/Base (= 2.7.1)
  - BJLiveBase/Auth (2.7.1)
  - BJLiveBase/Base (2.7.1):
    - BJLiveBase/extobjc
    - BJLiveBase/Foundation
    - BJLiveBase/UIKit
  - BJLiveBase/extobjc (2.7.1)
  - BJLiveBase/Foundation (2.7.1):
    - BJLiveBase/extobjc
  - BJLiveBase/HUD (2.7.1):
    - BJLiveBase/UIKit
  - BJLiveBase/Networking (2.7.1):
    - BJLiveBase/Base
  - "BJLiveBase/Networking+BaijiaYun (2.7.1)":
    - BJLiveBase/Base
    - BJLiveBase/Networking
  - BJLiveBase/PocketSocket/Client (2.7.1):
    - BJLiveBase/PocketSocket/Core
  - BJLiveBase/PocketSocket/Core (2.7.1)
  - BJLiveBase/UIKit (2.7.1):
    - BJLiveBase/extobjc
    - BJLiveBase/Foundation
  - BJLiveBase/WebImage/AFNetworking (2.7.1):
    - BJLiveBase/Networking
    - BJLiveBase/WebImage/BJLWebImage
  - BJLiveBase/WebImage/BJLWebImage (2.7.1)
  - BJLiveBase/YYModel (2.7.1)
  - BJLiveCore (2.7.2):
    - BJLiveBase (~> 2.7.1)
    - BJLiveBase/Auth (~> 2.7.1)
    - BJLiveBase/Base (~> 2.7.1)
    - BJLiveBase/Networking (~> 2.7.1)
    - "BJLiveBase/Networking+BaijiaYun (~> 2.7.1)"
    - BJLiveBase/PocketSocket/Client (~> 2.7.1)
    - BJLiveBase/WebImage/AFNetworking (~> 2.7.1)
    - BJLiveBase/WebImage/BJLWebImage (~> 2.7.1)
    - BJLiveBase/YYModel (~> 2.7.1)
    - BJLiveCore/static (= 2.7.2)
  - BJLiveCore/BJHLMediaPlayer (2.7.2):
    - BJLiveBase (~> 2.7.1)
    - BJLiveBase/Auth (~> 2.7.1)
    - BJLiveBase/Base (~> 2.7.1)
    - BJLiveBase/Networking (~> 2.7.1)
    - "BJLiveBase/Networking+BaijiaYun (~> 2.7.1)"
    - BJLiveBase/PocketSocket/Client (~> 2.7.1)
    - BJLiveBase/WebImage/AFNetworking (~> 2.7.1)
    - BJLiveBase/WebImage/BJLWebImage (~> 2.7.1)
    - BJLiveBase/YYModel (~> 2.7.1)
  - BJLiveCore/BJYRTCEngine (2.7.2):
    - AgoraRtcEngine_iOS (= 2.8.0)
    - BJLiveBase (~> 2.7.1)
    - BJLiveBase/Auth (~> 2.7.1)
    - BJLiveBase/Base (~> 2.7.1)
    - BJLiveBase/Networking (~> 2.7.1)
    - "BJLiveBase/Networking+BaijiaYun (~> 2.7.1)"
    - BJLiveBase/PocketSocket/Client (~> 2.7.1)
    - BJLiveBase/WebImage/AFNetworking (~> 2.7.1)
    - BJLiveBase/WebImage/BJLWebImage (~> 2.7.1)
    - BJLiveBase/YYModel (~> 2.7.1)
    - TXLiteAVSDK_TRTC (= 6.9.8341)
  - BJLiveCore/static (2.7.2):
    - BJLiveBase (~> 2.7.1)
    - BJLiveBase/Auth (~> 2.7.1)
    - BJLiveBase/Base (~> 2.7.1)
    - BJLiveBase/Networking (~> 2.7.1)
    - "BJLiveBase/Networking+BaijiaYun (~> 2.7.1)"
    - BJLiveBase/PocketSocket/Client (~> 2.7.1)
    - BJLiveBase/WebImage/AFNetworking (~> 2.7.1)
    - BJLiveBase/WebImage/BJLWebImage (~> 2.7.1)
    - BJLiveBase/YYModel (~> 2.7.1)
    - BJLiveCore/BJHLMediaPlayer
    - BJLiveCore/BJYRTCEngine
  - BJLiveUI (2.7.1):
    - BJLiveUI/static (= 2.7.1)
  - BJLiveUI/static (2.7.1):
    - BJLiveUI/static.dependencies
  - BJLiveUI/static.dependencies (2.7.1):
    - BJLiveBase (~> 2.7.1)
    - BJLiveBase/Auth (~> 2.7.1)
    - BJLiveBase/Base (~> 2.7.1)
    - BJLiveBase/HUD (~> 2.7.1)
    - BJLiveBase/Networking (~> 2.7.1)
    - BJLiveBase/WebImage/AFNetworking (~> 2.7.1)
    - BJLiveCore (~> 2.7.2)
    - QBImagePickerController (~> 3.0)
  - Masonry (1.1.0)
  - QBImagePickerController (3.4.0)
  - ReactiveObjC (3.1.1)
  - TXLiteAVSDK_TRTC (6.9.8341)

DEPENDENCIES:
  - BJLiveUI (from `../`)
  - Masonry
  - ReactiveObjC

SPEC REPOS:
  http://git.baijiashilian.com/open-ios/specs.git:
    - BJLiveBase
    - BJLiveCore
  https://github.com/CocoaPods/Specs.git:
    - AgoraRtcEngine_iOS
    - Masonry
    - QBImagePickerController
    - ReactiveObjC
    - TXLiteAVSDK_TRTC

EXTERNAL SOURCES:
  BJLiveUI:
    :path: "../"

SPEC CHECKSUMS:
  AgoraRtcEngine_iOS: 85810ba2f492646ab0eb20fbd8ca016b4b69002d
  BJLiveBase: dc5811a4ac8226ef2d96c59b84994e414f0ca824
  BJLiveCore: 74830fdcf81d426c785aab134492d9e3d4fb9451
  BJLiveUI: dd4979f2c2b2582bfb48b6ef69a16628db34ecb6
  Masonry: 678fab65091a9290e40e2832a55e7ab731aad201
  QBImagePickerController: d54cf93db6decf26baf6ed3472f336ef35cae022
  ReactiveObjC: 011caa393aa0383245f2dcf9bf02e86b80b36040
  TXLiteAVSDK_TRTC: 0d23d1ff11bfed12e6ed2ea48eb013459018e054

PODFILE CHECKSUM: 48200c308edf06b289db582e0237af94af9c7db5

COCOAPODS: 1.9.1
